
Microsoft Visual Studio Solution File, Format Version 12.00
Project("{FAE04EC0-301F-11D3-BF4B-00C04F79EFBC}") = "GlassProject", "GlassProject.csproj", "{18A021A0-8CBE-4409-A97D-F66818556C54}"
EndProject
Global
	GlobalSection(SolutionConfigurationPlatforms) = preSolution
		Debug|Any CPU = Debug|Any CPU
		Release|Any CPU = Release|Any CPU
	EndGlobalSection
	GlobalSection(ProjectConfigurationPlatforms) = postSolution
		{18A021A0-8CBE-4409-A97D-F66818556C54}.Debug|Any CPU.ActiveCfg = Debug|Any CPU
		{18A021A0-8CBE-4409-A97D-F66818556C54}.Debug|Any CPU.Build.0 = Debug|Any CPU
		{18A021A0-8CBE-4409-A97D-F66818556C54}.Release|Any CPU.ActiveCfg = Release|Any CPU
		{18A021A0-8CBE-4409-A97D-F66818556C54}.Release|Any CPU.Build.0 = Release|Any CPU
	EndGlobalSection
EndGlobal
